
Microsoft Visual Studio Solution File, Format Version 12.00
# Visual Studio Version 17
VisualStudioVersion = 17.5.33516.290
MinimumVisualStudioVersion = 10.0.40219.1
Project("{9A19103F-16F7-4668-BE54-9A1E7A4F7556}") = "MyLab.BlazorAdmin", "MyLab.BlazorAdmin\MyLab.BlazorAdmin.csproj", "{8623BB44-4F7E-4010-98F3-E2B238B224BC}"
EndProject
Project("{9A19103F-16F7-4668-BE54-9A1E7A4F7556}") = "Demo", "Demo\Demo.csproj", "{D73DA864-1332-4A8E-A37B-5A33FBD97702}"
EndProject
Project("{9A19103F-16F7-4668-BE54-9A1E7A4F7556}") = "UnitTests", "UnitTests\UnitTests.csproj", "{A77E8E4D-B2B0-48A1-9315-1ACADD8E9EF5}"
EndProject
Global
	GlobalSection(SolutionConfigurationPlatforms) = preSolution
		Debug|Any CPU = Debug|Any CPU
		Release|Any CPU = Release|Any CPU
	EndGlobalSection
	GlobalSection(ProjectConfigurationPlatforms) = postSolution
		{8623BB44-4F7E-4010-98F3-E2B238B224BC}.Debug|Any CPU.ActiveCfg = Debug|Any CPU
		{8623BB44-4F7E-4010-98F3-E2B238B224BC}.Debug|Any CPU.Build.0 = Debug|Any CPU
		{8623BB44-4F7E-4010-98F3-E2B238B224BC}.Release|Any CPU.ActiveCfg = Release|Any CPU
		{8623BB44-4F7E-4010-98F3-E2B238B224BC}.Release|Any CPU.Build.0 = Release|Any CPU
		{D73DA864-1332-4A8E-A37B-5A33FBD97702}.Debug|Any CPU.ActiveCfg = Debug|Any CPU
		{D73DA864-1332-4A8E-A37B-5A33FBD97702}.Debug|Any CPU.Build.0 = Debug|Any CPU
		{D73DA864-1332-4A8E-A37B-5A33FBD97702}.Release|Any CPU.ActiveCfg = Release|Any CPU
		{D73DA864-1332-4A8E-A37B-5A33FBD97702}.Release|Any CPU.Build.0 = Release|Any CPU
		{A77E8E4D-B2B0-48A1-9315-1ACADD8E9EF5}.Debug|Any CPU.ActiveCfg = Debug|Any CPU
		{A77E8E4D-B2B0-48A1-9315-1ACADD8E9EF5}.Debug|Any CPU.Build.0 = Debug|Any CPU
		{A77E8E4D-B2B0-48A1-9315-1ACADD8E9EF5}.Release|Any CPU.ActiveCfg = Release|Any CPU
		{A77E8E4D-B2B0-48A1-9315-1ACADD8E9EF5}.Release|Any CPU.Build.0 = Release|Any CPU
	EndGlobalSection
	GlobalSection(SolutionProperties) = preSolution
		HideSolutionNode = FALSE
	EndGlobalSection
	GlobalSection(ExtensibilityGlobals) = postSolution
		SolutionGuid = {B05E0E82-4D57-4AD4-B7C0-5288E29F090B}
	EndGlobalSection
EndGlobal
